{
  "version": 4,
  "terraform_version": "1.3.4",
  "serial": 26,
  "lineage": "88279395-315d-c90a-8b3f-42704e261f61",
  "outputs": {},
  "resources": [
    {
      "mode": "managed",
      "type": "aws_key_pair",
      "name": "mykey",
      "provider": "provider[\"registry.terraform.io/hashicorp/aws\"]",
      "instances": [
        {
          "schema_version": 1,
          "attributes": {
            "arn": "arn:aws:ec2:eu-north-1:921510072347:key-pair/ayoub-berhili-key",
            "fingerprint": "1d:bc:76:85:d9:0e:b4:00:5c:87:f1:ad:b3:83:7d:13",
            "id": "ayoub-berhili-key",
            "key_name": "ayoub-berhili-key",
            "key_name_prefix": "",
            "key_pair_id": "key-0b03b571b2e781f81",
            "public_key": "ssh-rsa AAAAB3NzaC1yc2EAAAADAQABAAABAQC8gIBx9EQECAmY1e4VdzuF82J1lyAKCZx3Kd3gCuv5E8jyEw8YFa6/4WcGvyo7owytdE098O2EyNmNejNhkpyZhakoPC8tnfdXt6qS9t5YLxw+BNGkLxnMKIh8BX0eaywgCEoX5Lrq2ODCf2kZTHEHQHRyGBzO5Rp0FgLOIzpvaLBkaI2IhaFnkv1RH0qjMQ2eonZweL2z+E23ndzgRcOPeNC/ngxkD76Cd7VIoCfyCbRS/ItO95ZIx7qdiDM/oX/Lqb26E1URuh8L+6meYIcLvGu+NoMtOo9F4C5xzTKD4m7+VtBBiIMryPYC4WPZU9nPQ8zr0epLeCyXNr0vaADx ec2-user@ip-172-31-29-196.ec2.internal",
            "tags": {},
            "tags_all": {}
          },
          "sensitive_attributes": [],
          "private": "eyJzY2hlbWFfdmVyc2lvbiI6IjEifQ=="
        }
      ]
    },
    {
      "mode": "managed",
      "type": "aws_kinesis_stream",
      "name": "ayoub-berhili-stock-input-stream",
      "provider": "provider[\"registry.terraform.io/hashicorp/aws\"]",
      "instances": [
        {
          "schema_version": 1,
          "attributes": {
            "arn": "arn:aws:kinesis:eu-north-1:921510072347:stream/terraform-kinesis-test",
            "encryption_type": "NONE",
            "enforce_consumer_deletion": false,
            "id": "arn:aws:kinesis:eu-north-1:921510072347:stream/terraform-kinesis-test",
            "kms_key_id": "",
            "name": "terraform-kinesis-test",
            "retention_period": 30,
            "shard_count": 1,
            "shard_level_metrics": [
              "IncomingBytes",
              "OutgoingBytes"
            ],
            "stream_mode_details": [
              {
                "stream_mode": "PROVISIONED"
              }
            ],
            "tags": {
              "Environment": "test",
              "Etudiant": "mohammed-ayoub.berhili@etu.u-pec.fr"
            },
            "tags_all": {
              "Environment": "test",
              "Etudiant": "mohammed-ayoub.berhili@etu.u-pec.fr"
            },
            "timeouts": null
          },
          "sensitive_attributes": [],
          "private": "eyJlMmJmYjczMC1lY2FhLTExZTYtOGY4OC0zNDM2M2JjN2M0YzAiOnsiY3JlYXRlIjozMDAwMDAwMDAwMDAsImRlbGV0ZSI6NzIwMDAwMDAwMDAwMCwidXBkYXRlIjo3MjAwMDAwMDAwMDAwfSwic2NoZW1hX3ZlcnNpb24iOiIxIn0="
        }
      ]
    },
    {
      "mode": "managed",
      "type": "aws_security_group",
      "name": "default",
      "provider": "provider[\"registry.terraform.io/hashicorp/aws\"]",
      "instances": [
        {
          "schema_version": 1,
          "attributes": {
            "arn": "arn:aws:ec2:eu-north-1:921510072347:security-group/sg-05d1154f4b328cb26",
            "description": "Managed by Terraform",
            "egress": [
              {
                "cidr_blocks": [
                  "0.0.0.0/0"
                ],
                "description": "",
                "from_port": 0,
                "ipv6_cidr_blocks": [],
                "prefix_list_ids": [],
                "protocol": "-1",
                "security_groups": [],
                "self": false,
                "to_port": 0
              }
            ],
            "id": "sg-05d1154f4b328cb26",
            "ingress": [
              {
                "cidr_blocks": [
                  "0.0.0.0/0"
                ],
                "description": "",
                "from_port": 22,
                "ipv6_cidr_blocks": [],
                "prefix_list_ids": [],
                "protocol": "tcp",
                "security_groups": [],
                "self": false,
                "to_port": 22
              },
              {
                "cidr_blocks": [
                  "0.0.0.0/0"
                ],
                "description": "",
                "from_port": 80,
                "ipv6_cidr_blocks": [],
                "prefix_list_ids": [],
                "protocol": "tcp",
                "security_groups": [],
                "self": false,
                "to_port": 80
              }
            ],
            "name": "terraform-20221206143615477600000001",
            "name_prefix": "terraform-",
            "owner_id": "921510072347",
            "revoke_rules_on_delete": false,
            "tags": {},
            "tags_all": {},
            "timeouts": null,
            "vpc_id": "vpc-07af19f33493f4a2c"
          },
          "sensitive_attributes": [],
          "private": "eyJlMmJmYjczMC1lY2FhLTExZTYtOGY4OC0zNDM2M2JjN2M0YzAiOnsiY3JlYXRlIjo2MDAwMDAwMDAwMDAsImRlbGV0ZSI6OTAwMDAwMDAwMDAwfSwic2NoZW1hX3ZlcnNpb24iOiIxIn0="
        }
      ]
    }
  ],
  "check_results": null
}