{
    "version": 4,
    "terraform_version": "1.3.4",
    "serial": 24,
    "lineage": "88279395-315d-c90a-8b3f-42704e261f61",
    "outputs": {},
    "resources": [
      {
        "mode": "managed",
        "type": "aws_instance",
        "name": "ec2_vm_cc",
        "provider": "provider[\"registry.terraform.io/hashicorp/aws\"]",
        "instances": [
          {
            "schema_version": 1,
            "attributes": {
              "ami": "ami-003fb5b0ea327060c",
              "arn": "arn:aws:ec2:eu-north-1:921510072347:instance/i-05b54fc7f3d1a55af",
              "associate_public_ip_address": true,
              "availability_zone": "eu-north-1c",
              "capacity_reservation_specification": [
                {
                  "capacity_reservation_preference": "open",
                  "capacity_reservation_target": []
                }
              ],
              "cpu_core_count": 1,
              "cpu_threads_per_core": 2,
              "credit_specification": [
                {
                  "cpu_credits": "unlimited"
                }
              ],
              "disable_api_termination": false,
              "ebs_block_device": [],
              "ebs_optimized": false,
              "enclave_options": [
                {
                  "enabled": false
                }
              ],
              "ephemeral_block_device": [],
              "get_password_data": false,
              "hibernation": false,
              "host_id": null,
              "iam_instance_profile": "",
              "id": "i-05b54fc7f3d1a55af",
              "instance_initiated_shutdown_behavior": "stop",
              "instance_state": "running",
              "instance_type": "t3.micro",
              "ipv6_address_count": 0,
              "ipv6_addresses": [],
              "key_name": "ayoub-berhili-key",
              "launch_template": [],
              "metadata_options": [
                {
                  "http_endpoint": "enabled",
                  "http_put_response_hop_limit": 1,
                  "http_tokens": "optional",
                  "instance_metadata_tags": "disabled"
                }
              ],
              "monitoring": false,
              "network_interface": [],
              "outpost_arn": "",
              "password_data": "",
              "placement_group": "",
              "placement_partition_number": null,
              "primary_network_interface_id": "eni-0dd75c4853141ed41",
              "private_dns": "ip-172-31-13-1.eu-north-1.compute.internal",
              "private_ip": "172.31.13.1",
              "public_dns": "ec2-13-48-23-15.eu-north-1.compute.amazonaws.com",
              "public_ip": "13.48.23.15",
              "root_block_device": [
                {
                  "delete_on_termination": true,
                  "device_name": "/dev/sda1",
                  "encrypted": false,
                  "iops": 100,
                  "kms_key_id": "",
                  "tags": {},
                  "throughput": 0,
                  "volume_id": "vol-0c7c4160c1b40442a",
                  "volume_size": 10,
                  "volume_type": "gp2"
                }
              ],
              "secondary_private_ips": [],
              "security_groups": [
                "terraform-20221206143615477600000001"
              ],
              "source_dest_check": true,
              "subnet_id": "subnet-0331cbbe9ee8bf338",
              "tags": {
                "Etudiant": "mohammed-ayoub.berhili@etu.u-pec.fr",
                "Name": "terraform-vm-cc",
                "Owner": "aybrl-ec2"
              },
              "tags_all": {
                "Etudiant": "mohammed-ayoub.berhili@etu.u-pec.fr",
                "Name": "terraform-vm-cc",
                "Owner": "aybrl-ec2"
              },
              "tenancy": "default",
              "timeouts": null,
              "user_data": null,
              "user_data_base64": null,
              "volume_tags": null,
              "vpc_security_group_ids": [
                "sg-05d1154f4b328cb26"
              ]
            },
            "sensitive_attributes": [],
            "private": "eyJlMmJmYjczMC1lY2FhLTExZTYtOGY4OC0zNDM2M2JjN2M0YzAiOnsiY3JlYXRlIjo2MDAwMDAwMDAwMDAsImRlbGV0ZSI6MTIwMDAwMDAwMDAwMCwidXBkYXRlIjo2MDAwMDAwMDAwMDB9LCJzY2hlbWFfdmVyc2lvbiI6IjEifQ==",
            "dependencies": [
              "aws_security_group.default"
            ]
          }
        ]
      },
      {
        "mode": "managed",
        "type": "aws_key_pair",
        "name": "mykey",
        "provider": "provider[\"registry.terraform.io/hashicorp/aws\"]",
        "instances": [
          {
            "schema_version": 1,
            "attributes": {
              "arn": "arn:aws:ec2:eu-north-1:921510072347:key-pair/ayoub-berhili-key",
              "fingerprint": "1d:bc:76:85:d9:0e:b4:00:5c:87:f1:ad:b3:83:7d:13",
              "id": "ayoub-berhili-key",
              "key_name": "ayoub-berhili-key",
              "key_name_prefix": "",
              "key_pair_id": "key-0b03b571b2e781f81",
              "public_key": "ssh-rsa AAAAB3NzaC1yc2EAAAADAQABAAABAQC8gIBx9EQECAmY1e4VdzuF82J1lyAKCZx3Kd3gCuv5E8jyEw8YFa6/4WcGvyo7owytdE098O2EyNmNejNhkpyZhakoPC8tnfdXt6qS9t5YLxw+BNGkLxnMKIh8BX0eaywgCEoX5Lrq2ODCf2kZTHEHQHRyGBzO5Rp0FgLOIzpvaLBkaI2IhaFnkv1RH0qjMQ2eonZweL2z+E23ndzgRcOPeNC/ngxkD76Cd7VIoCfyCbRS/ItO95ZIx7qdiDM/oX/Lqb26E1URuh8L+6meYIcLvGu+NoMtOo9F4C5xzTKD4m7+VtBBiIMryPYC4WPZU9nPQ8zr0epLeCyXNr0vaADx ec2-user@ip-172-31-29-196.ec2.internal",
              "tags": {},
              "tags_all": {}
            },
            "sensitive_attributes": [],
            "private": "eyJzY2hlbWFfdmVyc2lvbiI6IjEifQ=="
          }
        ]
      },
      {
        "mode": "managed",
        "type": "aws_security_group",
        "name": "default",
        "provider": "provider[\"registry.terraform.io/hashicorp/aws\"]",
        "instances": [
          {
            "schema_version": 1,
            "attributes": {
              "arn": "arn:aws:ec2:eu-north-1:921510072347:security-group/sg-05d1154f4b328cb26",
              "description": "Managed by Terraform",
              "egress": [
                {
                  "cidr_blocks": [
                    "0.0.0.0/0"
                  ],
                  "description": "",
                  "from_port": 0,
                  "ipv6_cidr_blocks": [],
                  "prefix_list_ids": [],
                  "protocol": "-1",
                  "security_groups": [],
                  "self": false,
                  "to_port": 0
                }
              ],
              "id": "sg-05d1154f4b328cb26",
              "ingress": [
                {
                  "cidr_blocks": [
                    "0.0.0.0/0"
                  ],
                  "description": "",
                  "from_port": 22,
                  "ipv6_cidr_blocks": [],
                  "prefix_list_ids": [],
                  "protocol": "tcp",
                  "security_groups": [],
                  "self": false,
                  "to_port": 22
                },
                {
                  "cidr_blocks": [
                    "0.0.0.0/0"
                  ],
                  "description": "",
                  "from_port": 80,
                  "ipv6_cidr_blocks": [],
                  "prefix_list_ids": [],
                  "protocol": "tcp",
                  "security_groups": [],
                  "self": false,
                  "to_port": 80
                }
              ],
              "name": "terraform-20221206143615477600000001",
              "name_prefix": "terraform-",
              "owner_id": "921510072347",
              "revoke_rules_on_delete": false,
              "tags": {},
              "tags_all": {},
              "timeouts": null,
              "vpc_id": "vpc-07af19f33493f4a2c"
            },
            "sensitive_attributes": [],
            "private": "eyJlMmJmYjczMC1lY2FhLTExZTYtOGY4OC0zNDM2M2JjN2M0YzAiOnsiY3JlYXRlIjo2MDAwMDAwMDAwMDAsImRlbGV0ZSI6OTAwMDAwMDAwMDAwfSwic2NoZW1hX3ZlcnNpb24iOiIxIn0="
          }
        ]
      }
    ],
    "check_results": null
  }